PODS:
  - Expecta (1.0.5)
  - FGSettingView (0.0.3):
    - MBProgressHUD (~> 1.0.0)
  - MBProgressHUD (1.0.0)
  - Specta (1.0.6)

DEPENDENCIES:
  - Expecta
  - FGSettingView (from `../`)
  - MBProgressHUD (~> 1.0.0)
  - Specta

EXTERNAL SOURCES:
  FGSettingView:
    :path: ../

SPEC CHECKSUMS:
  Expecta: e1c022fcd33910b6be89c291d2775b3fe27a89fe
  FGSettingView: 9e63c83e65c8d387b3b0ce7413398e4c209a0b95
  MBProgressHUD: 4890f671c94e8a0f3cf959aa731e9de2f036d71a
  Specta: f506f3a8361de16bc0dcf3b17b75e269072ba465

PODFILE CHECKSUM: e3c06ed8c072f00d1e7ead47def05f31449efce0

COCOAPODS: 1.2.0
